
Microsoft Visual Studio Solution File, Format Version 12.00
# Visual Studio Version 17
VisualStudioVersion = 17.4.33205.214
MinimumVisualStudioVersion = 10.0.40219.1
Project("{FAE04EC0-301F-11D3-BF4B-00C04F79EFBC}") = "YogaManagement.Application", "YogaManagement.Application\YogaManagement.Application.csproj", "{2BF2545C-C0D3-4B8B-88A1-0AE8547B4ECE}"
EndProject
Global
	GlobalSection(SolutionConfigurationPlatforms) = preSolution
		Debug|Any CPU = Debug|Any CPU
		Release|Any CPU = Release|Any CPU
	EndGlobalSection
	GlobalSection(ProjectConfigurationPlatforms) = postSolution
		{2BF2545C-C0D3-4B8B-88A1-0AE8547B4ECE}.Debug|Any CPU.ActiveCfg = Debug|Any CPU
		{2BF2545C-C0D3-4B8B-88A1-0AE8547B4ECE}.Debug|Any CPU.Build.0 = Debug|Any CPU
		{2BF2545C-C0D3-4B8B-88A1-0AE8547B4ECE}.Release|Any CPU.ActiveCfg = Release|Any CPU
		{2BF2545C-C0D3-4B8B-88A1-0AE8547B4ECE}.Release|Any CPU.Build.0 = Release|Any CPU
	EndGlobalSection
	GlobalSection(SolutionProperties) = preSolution
		HideSolutionNode = FALSE
	EndGlobalSection
	GlobalSection(ExtensibilityGlobals) = postSolution
		SolutionGuid = {57B38A98-6048-469B-84D0-8D41AE9E1291}
	EndGlobalSection
EndGlobal
