
Microsoft Visual Studio Solution File, Format Version 12.00
# Visual Studio Version 17
VisualStudioVersion = 17.4.33205.214
MinimumVisualStudioVersion = 10.0.40219.1
Project("{9A19103F-16F7-4668-BE54-9A1E7A4F7556}") = "YogaManagement.Application", "YogaManagement.Application\YogaManagement.Application.csproj", "{2BF2545C-C0D3-4B8B-88A1-0AE8547B4ECE}"
EndProject
Project("{9A19103F-16F7-4668-BE54-9A1E7A4F7556}") = "YogaManagement.Database", "YogaManagement.Database\YogaManagement.Database.csproj", "{A1286CC9-61E7-4A72-8656-FC6AB5D5225A}"
EndProject
Project("{9A19103F-16F7-4668-BE54-9A1E7A4F7556}") = "YogaManagement.Domain", "YogaManagement.Domain\YogaManagement.Domain.csproj", "{B1A97686-ECC7-419F-B3FA-F8B93FB3FB81}"
EndProject
Project("{9A19103F-16F7-4668-BE54-9A1E7A4F7556}") = "YogaManagement.Business", "YogaManagement.Business\YogaManagement.Business.csproj", "{1346562B-D4E2-48F4-B46A-94EF304FC4CD}"
EndProject
Project("{9A19103F-16F7-4668-BE54-9A1E7A4F7556}") = "YogaManagement.Contracts", "YogaManagement.Contracts\YogaManagement.Contracts.csproj", "{D2CAB9AA-B627-40DC-A4F6-296E8A80C226}"
EndProject
Project("{9A19103F-16F7-4668-BE54-9A1E7A4F7556}") = "YogaManagement.Client", "YogaManagement.Client\YogaManagement.Client.csproj", "{2683588D-2289-4900-BA23-36A44BBD0EA9}"
EndProject
Global
	GlobalSection(SolutionConfigurationPlatforms) = preSolution
		Debug|Any CPU = Debug|Any CPU
		Release|Any CPU = Release|Any CPU
	EndGlobalSection
	GlobalSection(ProjectConfigurationPlatforms) = postSolution
		{2BF2545C-C0D3-4B8B-88A1-0AE8547B4ECE}.Debug|Any CPU.ActiveCfg = Debug|Any CPU
		{2BF2545C-C0D3-4B8B-88A1-0AE8547B4ECE}.Debug|Any CPU.Build.0 = Debug|Any CPU
		{2BF2545C-C0D3-4B8B-88A1-0AE8547B4ECE}.Release|Any CPU.ActiveCfg = Release|Any CPU
		{2BF2545C-C0D3-4B8B-88A1-0AE8547B4ECE}.Release|Any CPU.Build.0 = Release|Any CPU
		{A1286CC9-61E7-4A72-8656-FC6AB5D5225A}.Debug|Any CPU.ActiveCfg = Debug|Any CPU
		{A1286CC9-61E7-4A72-8656-FC6AB5D5225A}.Debug|Any CPU.Build.0 = Debug|Any CPU
		{A1286CC9-61E7-4A72-8656-FC6AB5D5225A}.Release|Any CPU.ActiveCfg = Release|Any CPU
		{A1286CC9-61E7-4A72-8656-FC6AB5D5225A}.Release|Any CPU.Build.0 = Release|Any CPU
		{B1A97686-ECC7-419F-B3FA-F8B93FB3FB81}.Debug|Any CPU.ActiveCfg = Debug|Any CPU
		{B1A97686-ECC7-419F-B3FA-F8B93FB3FB81}.Debug|Any CPU.Build.0 = Debug|Any CPU
		{B1A97686-ECC7-419F-B3FA-F8B93FB3FB81}.Release|Any CPU.ActiveCfg = Release|Any CPU
		{B1A97686-ECC7-419F-B3FA-F8B93FB3FB81}.Release|Any CPU.Build.0 = Release|Any CPU
		{1346562B-D4E2-48F4-B46A-94EF304FC4CD}.Debug|Any CPU.ActiveCfg = Debug|Any CPU
		{1346562B-D4E2-48F4-B46A-94EF304FC4CD}.Debug|Any CPU.Build.0 = Debug|Any CPU
		{1346562B-D4E2-48F4-B46A-94EF304FC4CD}.Release|Any CPU.ActiveCfg = Release|Any CPU
		{1346562B-D4E2-48F4-B46A-94EF304FC4CD}.Release|Any CPU.Build.0 = Release|Any CPU
		{D2CAB9AA-B627-40DC-A4F6-296E8A80C226}.Debug|Any CPU.ActiveCfg = Debug|Any CPU
		{D2CAB9AA-B627-40DC-A4F6-296E8A80C226}.Debug|Any CPU.Build.0 = Debug|Any CPU
		{D2CAB9AA-B627-40DC-A4F6-296E8A80C226}.Release|Any CPU.ActiveCfg = Release|Any CPU
		{D2CAB9AA-B627-40DC-A4F6-296E8A80C226}.Release|Any CPU.Build.0 = Release|Any CPU
		{2683588D-2289-4900-BA23-36A44BBD0EA9}.Debug|Any CPU.ActiveCfg = Debug|Any CPU
		{2683588D-2289-4900-BA23-36A44BBD0EA9}.Debug|Any CPU.Build.0 = Debug|Any CPU
		{2683588D-2289-4900-BA23-36A44BBD0EA9}.Release|Any CPU.ActiveCfg = Release|Any CPU
		{2683588D-2289-4900-BA23-36A44BBD0EA9}.Release|Any CPU.Build.0 = Release|Any CPU
	EndGlobalSection
	GlobalSection(SolutionProperties) = preSolution
		HideSolutionNode = FALSE
	EndGlobalSection
	GlobalSection(ExtensibilityGlobals) = postSolution
		SolutionGuid = {57B38A98-6048-469B-84D0-8D41AE9E1291}
	EndGlobalSection
EndGlobal
